
Microsoft Visual Studio Solution File, Format Version 12.00
# Visual Studio Version 17
VisualStudioVersion = 17.4.33213.308
MinimumVisualStudioVersion = 10.0.40219.1
Project("{FAE04EC0-301F-11D3-BF4B-00C04F79EFBC}") = "6 - Esercitazione Tablet", "6 - Esercitazione Tablet\6 - Esercitazione Tablet.csproj", "{BCC0FF17-5D7C-487F-86C8-C4D8DDC1F8EB}"
EndProject
Global
	GlobalSection(SolutionConfigurationPlatforms) = preSolution
		Debug|Any CPU = Debug|Any CPU
		Release|Any CPU = Release|Any CPU
	EndGlobalSection
	GlobalSection(ProjectConfigurationPlatforms) = postSolution
		{BCC0FF17-5D7C-487F-86C8-C4D8DDC1F8EB}.Debug|Any CPU.ActiveCfg = Debug|Any CPU
		{BCC0FF17-5D7C-487F-86C8-C4D8DDC1F8EB}.Debug|Any CPU.Build.0 = Debug|Any CPU
		{BCC0FF17-5D7C-487F-86C8-C4D8DDC1F8EB}.Release|Any CPU.ActiveCfg = Release|Any CPU
		{BCC0FF17-5D7C-487F-86C8-C4D8DDC1F8EB}.Release|Any CPU.Build.0 = Release|Any CPU
	EndGlobalSection
	GlobalSection(SolutionProperties) = preSolution
		HideSolutionNode = FALSE
	EndGlobalSection
	GlobalSection(ExtensibilityGlobals) = postSolution
		SolutionGuid = {3ABC0EED-DD1F-45F8-A1A1-1913060FC3BB}
	EndGlobalSection
EndGlobal
